
Microsoft Visual Studio Solution File, Format Version 12.00
# Visual Studio Version 17
VisualStudioVersion = 17.6.33815.320
MinimumVisualStudioVersion = 10.0.40219.1
Project("{8BC9CEB8-8B4A-11D0-8D11-00A0C91BC942}") = "hw_ita_001", "hw_ita_001\hw_ita_001.vcxproj", "{6E47460A-123D-447B-BED5-61859C301AD1}"
EndProject
Project("{8BC9CEB8-8B4A-11D0-8D11-00A0C91BC942}") = "hw_ita_002", "hw_ita_002\hw_ita_002.vcxproj", "{C35BC101-C5F2-420B-985A-546B9A060D63}"
EndProject
Project("{8BC9CEB8-8B4A-11D0-8D11-00A0C91BC942}") = "hw_ita_003", "hw_ita_003\hw_ita_003.vcxproj", "{90C5300D-6214-48B2-82F5-3474679A04E6}"
EndProject
Project("{8BC9CEB8-8B4A-11D0-8D11-00A0C91BC942}") = "hw_ita_004", "hw_ita_004\hw_ita_004.vcxproj", "{7A4751DA-D08F-4C87-8B7D-029B63DADEE1}"
EndProject
Project("{8BC9CEB8-8B4A-11D0-8D11-00A0C91BC942}") = "tests", "tests\tests.vcxproj", "{C13B2CCD-3B24-40B8-B8DC-D24F08CE779B}"
EndProject
Project("{8BC9CEB8-8B4A-11D0-8D11-00A0C91BC942}") = "consolMenu", "consolMenu\consolMenu.vcxproj", "{25C5343F-58A5-4C7E-8889-7C7C239B6E4F}"
EndProject
Project("{8BC9CEB8-8B4A-11D0-8D11-00A0C91BC942}") = "hw_ita_005", "hw_ita_005\hw_ita_005.vcxproj", "{721246C5-8699-4B2B-ACCF-357CB555DB66}"
EndProject
Project("{8BC9CEB8-8B4A-11D0-8D11-00A0C91BC942}") = "hw_ita_005v2", "hw_ita_005v2\hw_ita_005v2.vcxproj", "{B185BA56-98AB-4FFB-8E43-6C6F84177367}"
EndProject
Project("{8BC9CEB8-8B4A-11D0-8D11-00A0C91BC942}") = "hw_ita_006", "hw_ita_006\hw_ita_006.vcxproj", "{E855F229-BCC2-4E30-AB5E-D7C4D4DCB537}"
EndProject
Global
	GlobalSection(SolutionConfigurationPlatforms) = preSolution
		Debug|x64 = Debug|x64
		Debug|x86 = Debug|x86
		Release|x64 = Release|x64
		Release|x86 = Release|x86
	EndGlobalSection
	GlobalSection(ProjectConfigurationPlatforms) = postSolution
		{6E47460A-123D-447B-BED5-61859C301AD1}.Debug|x64.ActiveCfg = Debug|x64
		{6E47460A-123D-447B-BED5-61859C301AD1}.Debug|x64.Build.0 = Debug|x64
		{6E47460A-123D-447B-BED5-61859C301AD1}.Debug|x86.ActiveCfg = Debug|Win32
		{6E47460A-123D-447B-BED5-61859C301AD1}.Debug|x86.Build.0 = Debug|Win32
		{6E47460A-123D-447B-BED5-61859C301AD1}.Release|x64.ActiveCfg = Release|x64
		{6E47460A-123D-447B-BED5-61859C301AD1}.Release|x64.Build.0 = Release|x64
		{6E47460A-123D-447B-BED5-61859C301AD1}.Release|x86.ActiveCfg = Release|Win32
		{6E47460A-123D-447B-BED5-61859C301AD1}.Release|x86.Build.0 = Release|Win32
		{C35BC101-C5F2-420B-985A-546B9A060D63}.Debug|x64.ActiveCfg = Debug|x64
		{C35BC101-C5F2-420B-985A-546B9A060D63}.Debug|x64.Build.0 = Debug|x64
		{C35BC101-C5F2-420B-985A-546B9A060D63}.Debug|x86.ActiveCfg = Debug|Win32
		{C35BC101-C5F2-420B-985A-546B9A060D63}.Debug|x86.Build.0 = Debug|Win32
		{C35BC101-C5F2-420B-985A-546B9A060D63}.Release|x64.ActiveCfg = Release|x64
		{C35BC101-C5F2-420B-985A-546B9A060D63}.Release|x64.Build.0 = Release|x64
		{C35BC101-C5F2-420B-985A-546B9A060D63}.Release|x86.ActiveCfg = Release|Win32
		{C35BC101-C5F2-420B-985A-546B9A060D63}.Release|x86.Build.0 = Release|Win32
		{90C5300D-6214-48B2-82F5-3474679A04E6}.Debug|x64.ActiveCfg = Debug|x64
		{90C5300D-6214-48B2-82F5-3474679A04E6}.Debug|x64.Build.0 = Debug|x64
		{90C5300D-6214-48B2-82F5-3474679A04E6}.Debug|x86.ActiveCfg = Debug|Win32
		{90C5300D-6214-48B2-82F5-3474679A04E6}.Debug|x86.Build.0 = Debug|Win32
		{90C5300D-6214-48B2-82F5-3474679A04E6}.Release|x64.ActiveCfg = Release|x64
		{90C5300D-6214-48B2-82F5-3474679A04E6}.Release|x64.Build.0 = Release|x64
		{90C5300D-6214-48B2-82F5-3474679A04E6}.Release|x86.ActiveCfg = Release|Win32
		{90C5300D-6214-48B2-82F5-3474679A04E6}.Release|x86.Build.0 = Release|Win32
		{7A4751DA-D08F-4C87-8B7D-029B63DADEE1}.Debug|x64.ActiveCfg = Debug|x64
		{7A4751DA-D08F-4C87-8B7D-029B63DADEE1}.Debug|x64.Build.0 = Debug|x64
		{7A4751DA-D08F-4C87-8B7D-029B63DADEE1}.Debug|x86.ActiveCfg = Debug|Win32
		{7A4751DA-D08F-4C87-8B7D-029B63DADEE1}.Debug|x86.Build.0 = Debug|Win32
		{7A4751DA-D08F-4C87-8B7D-029B63DADEE1}.Release|x64.ActiveCfg = Release|x64
		{7A4751DA-D08F-4C87-8B7D-029B63DADEE1}.Release|x64.Build.0 = Release|x64
		{7A4751DA-D08F-4C87-8B7D-029B63DADEE1}.Release|x86.ActiveCfg = Release|Win32
		{7A4751DA-D08F-4C87-8B7D-029B63DADEE1}.Release|x86.Build.0 = Release|Win32
		{C13B2CCD-3B24-40B8-B8DC-D24F08CE779B}.Debug|x64.ActiveCfg = Debug|x64
		{C13B2CCD-3B24-40B8-B8DC-D24F08CE779B}.Debug|x64.Build.0 = Debug|x64
		{C13B2CCD-3B24-40B8-B8DC-D24F08CE779B}.Debug|x86.ActiveCfg = Debug|Win32
		{C13B2CCD-3B24-40B8-B8DC-D24F08CE779B}.Debug|x86.Build.0 = Debug|Win32
		{C13B2CCD-3B24-40B8-B8DC-D24F08CE779B}.Release|x64.ActiveCfg = Release|x64
		{C13B2CCD-3B24-40B8-B8DC-D24F08CE779B}.Release|x64.Build.0 = Release|x64
		{C13B2CCD-3B24-40B8-B8DC-D24F08CE779B}.Release|x86.ActiveCfg = Release|Win32
		{C13B2CCD-3B24-40B8-B8DC-D24F08CE779B}.Release|x86.Build.0 = Release|Win32
		{25C5343F-58A5-4C7E-8889-7C7C239B6E4F}.Debug|x64.ActiveCfg = Debug|x64
		{25C5343F-58A5-4C7E-8889-7C7C239B6E4F}.Debug|x64.Build.0 = Debug|x64
		{25C5343F-58A5-4C7E-8889-7C7C239B6E4F}.Debug|x86.ActiveCfg = Debug|Win32
		{25C5343F-58A5-4C7E-8889-7C7C239B6E4F}.Debug|x86.Build.0 = Debug|Win32
		{25C5343F-58A5-4C7E-8889-7C7C239B6E4F}.Release|x64.ActiveCfg = Release|x64
		{25C5343F-58A5-4C7E-8889-7C7C239B6E4F}.Release|x64.Build.0 = Release|x64
		{25C5343F-58A5-4C7E-8889-7C7C239B6E4F}.Release|x86.ActiveCfg = Release|Win32
		{25C5343F-58A5-4C7E-8889-7C7C239B6E4F}.Release|x86.Build.0 = Release|Win32
		{721246C5-8699-4B2B-ACCF-357CB555DB66}.Debug|x64.ActiveCfg = Debug|x64
		{721246C5-8699-4B2B-ACCF-357CB555DB66}.Debug|x64.Build.0 = Debug|x64
		{721246C5-8699-4B2B-ACCF-357CB555DB66}.Debug|x86.ActiveCfg = Debug|Win32
		{721246C5-8699-4B2B-ACCF-357CB555DB66}.Debug|x86.Build.0 = Debug|Win32
		{721246C5-8699-4B2B-ACCF-357CB555DB66}.Release|x64.ActiveCfg = Release|x64
		{721246C5-8699-4B2B-ACCF-357CB555DB66}.Release|x64.Build.0 = Release|x64
		{721246C5-8699-4B2B-ACCF-357CB555DB66}.Release|x86.ActiveCfg = Release|Win32
		{721246C5-8699-4B2B-ACCF-357CB555DB66}.Release|x86.Build.0 = Release|Win32
		{B185BA56-98AB-4FFB-8E43-6C6F84177367}.Debug|x64.ActiveCfg = Debug|x64
		{B185BA56-98AB-4FFB-8E43-6C6F84177367}.Debug|x64.Build.0 = Debug|x64
		{B185BA56-98AB-4FFB-8E43-6C6F84177367}.Debug|x86.ActiveCfg = Debug|Win32
		{B185BA56-98AB-4FFB-8E43-6C6F84177367}.Debug|x86.Build.0 = Debug|Win32
		{B185BA56-98AB-4FFB-8E43-6C6F84177367}.Release|x64.ActiveCfg = Release|x64
		{B185BA56-98AB-4FFB-8E43-6C6F84177367}.Release|x64.Build.0 = Release|x64
		{B185BA56-98AB-4FFB-8E43-6C6F84177367}.Release|x86.ActiveCfg = Release|Win32
		{B185BA56-98AB-4FFB-8E43-6C6F84177367}.Release|x86.Build.0 = Release|Win32
		{E855F229-BCC2-4E30-AB5E-D7C4D4DCB537}.Debug|x64.ActiveCfg = Debug|x64
		{E855F229-BCC2-4E30-AB5E-D7C4D4DCB537}.Debug|x64.Build.0 = Debug|x64
		{E855F229-BCC2-4E30-AB5E-D7C4D4DCB537}.Debug|x86.ActiveCfg = Debug|Win32
		{E855F229-BCC2-4E30-AB5E-D7C4D4DCB537}.Debug|x86.Build.0 = Debug|Win32
		{E855F229-BCC2-4E30-AB5E-D7C4D4DCB537}.Release|x64.ActiveCfg = Release|x64
		{E855F229-BCC2-4E30-AB5E-D7C4D4DCB537}.Release|x64.Build.0 = Release|x64
		{E855F229-BCC2-4E30-AB5E-D7C4D4DCB537}.Release|x86.ActiveCfg = Release|Win32
		{E855F229-BCC2-4E30-AB5E-D7C4D4DCB537}.Release|x86.Build.0 = Release|Win32
	EndGlobalSection
	GlobalSection(SolutionProperties) = preSolution
		HideSolutionNode = FALSE
	EndGlobalSection
	GlobalSection(ExtensibilityGlobals) = postSolution
		SolutionGuid = {5D3BA9EB-0F37-4D6F-9C0E-CCC41E23CC0F}
	EndGlobalSection
EndGlobal
